// !$*UTF8*$!
{
	archiveVersion = 1;
	classes = {
	};
	objectVersion = 46;
	objects = {

/* Begin PBXBuildFile section */
		007633AD7F59BB45AAF3693A /* Pods_PokeRadarUITests.framework in Frameworks */ = {isa = PBXBuildFile; fileRef = C1D851FCBFB896F027092390 /* Pods_PokeRadarUITests.framework */; };
		467DEAC092F8D8FDE92E7AC4 /* Pods_PokeRadarTests.framework in Frameworks */ = {isa = PBXBuildFile; fileRef = 5865C0043A68217CAC8DDEB7 /* Pods_PokeRadarTests.framework */; };
		B46C6194DA8ACF6D34730969 /* Pods_PokeRadar.framework in Frameworks */ = {isa = PBXBuildFile; fileRef = F167049DBE083325964F6016 /* Pods_PokeRadar.framework */; };
		E5E0CE81B2C390AC2D45052C /* Pods_mynotifsTests.framework in Frameworks */ = {isa = PBXBuildFile; fileRef = 0B3F3FBB10C72482646A1BD8 /* Pods_mynotifsTests.framework */; };
		ED488F41209CE62F004443CA /* PokeListVC.swift in Sources */ = {isa = PBXBuildFile; fileRef = ED488F3F209CE62F004443CA /* PokeListVC.swift */; };
		ED488F42209CE62F004443CA /* PokeListVC.xib in Resources */ = {isa = PBXBuildFile; fileRef = ED488F40209CE62F004443CA /* PokeListVC.xib */; };
		ED488F45209CE851004443CA /* PokeCell.swift in Sources */ = {isa = PBXBuildFile; fileRef = ED488F43209CE851004443CA /* PokeCell.swift */; };
		ED488F46209CE851004443CA /* PokeCell.xib in Resources */ = {isa = PBXBuildFile; fileRef = ED488F44209CE851004443CA /* PokeCell.xib */; };
		ED77E283209F19E000DA0EB9 /* Assets.xcassets in Resources */ = {isa = PBXBuildFile; fileRef = ED80E59B1E58850A000840F9 /* Assets.xcassets */; };
		ED77E285209F1E9300DA0EB9 /* GoogleService-Info.plist in Resources */ = {isa = PBXBuildFile; fileRef = ED77E284209F1E9300DA0EB9 /* GoogleService-Info.plist */; };
		ED80E5951E58850A000840F9 /* AppDelegate.swift in Sources */ = {isa = PBXBuildFile; fileRef = ED80E5941E58850A000840F9 /* AppDelegate.swift */; };
		ED80E5971E58850A000840F9 /* ViewController.swift in Sources */ = {isa = PBXBuildFile; fileRef = ED80E5961E58850A000840F9 /* ViewController.swift */; };
		ED80E59A1E58850A000840F9 /* Main.storyboard in Resources */ = {isa = PBXBuildFile; fileRef = ED80E5981E58850A000840F9 /* Main.storyboard */; };
		ED80E59F1E58850A000840F9 /* LaunchScreen.storyboard in Resources */ = {isa = PBXBuildFile; fileRef = ED80E59D1E58850A000840F9 /* LaunchScreen.storyboard */; };
		ED80E5AA1E58850A000840F9 /* mynotifsTests.swift in Sources */ = {isa = PBXBuildFile; fileRef = ED80E5A91E58850A000840F9 /* mynotifsTests.swift */; };
		ED80E5B51E58850A000840F9 /* mynotifsUITests.swift in Sources */ = {isa = PBXBuildFile; fileRef = ED80E5B41E58850A000840F9 /* mynotifsUITests.swift */; };
		ED80E5C51E58998A000840F9 /* MapKit.framework in Frameworks */ = {isa = PBXBuildFile; fileRef = ED80E5C41E58998A000840F9 /* MapKit.framework */; };
		ED80E6151E58C4CA000840F9 /* GeoFire.m in Sources */ = {isa = PBXBuildFile; fileRef = ED80E60C1E58C4CA000840F9 /* GeoFire.m */; };
		ED80E6161E58C4CA000840F9 /* GFBase32Utils.m in Sources */ = {isa = PBXBuildFile; fileRef = ED80E60E1E58C4CA000840F9 /* GFBase32Utils.m */; };
		ED80E6171E58C4CA000840F9 /* GFGeoHash.m in Sources */ = {isa = PBXBuildFile; fileRef = ED80E6101E58C4CA000840F9 /* GFGeoHash.m */; };
		ED80E6181E58C4CA000840F9 /* GFGeoHashQuery.m in Sources */ = {isa = PBXBuildFile; fileRef = ED80E6121E58C4CA000840F9 /* GFGeoHashQuery.m */; };
		ED80E6191E58C4CA000840F9 /* GFQuery.m in Sources */ = {isa = PBXBuildFile; fileRef = ED80E6141E58C4CA000840F9 /* GFQuery.m */; };
		ED80E61C1E58CABF000840F9 /* PokeAnnotation.swift in Sources */ = {isa = PBXBuildFile; fileRef = ED80E61B1E58CABF000840F9 /* PokeAnnotation.swift */; };
		EDAA73B5209DAA92007139F8 /* Settings.swift in Sources */ = {isa = PBXBuildFile; fileRef = EDAA73B4209DAA92007139F8 /* Settings.swift */; };
		EDAA73B7209DC168007139F8 /* WelcomeAlert.swift in Sources */ = {isa = PBXBuildFile; fileRef = EDAA73B6209DC168007139F8 /* WelcomeAlert.swift */; };
		EDBA1D21209C628B00B8D70E /* Extension.swift in Sources */ = {isa = PBXBuildFile; fileRef = EDBA1D20209C628A00B8D70E /* Extension.swift */; };
		FE1D10D622B7A1239841C45C /* Pods_mynotifsUITests.framework in Frameworks */ = {isa = PBXBuildFile; fileRef = B2186F90814FC7C1AFE59EB5 /* Pods_mynotifsUITests.framework */; };
/* End PBXBuildFile section */

/* Begin PBXContainerItemProxy section */
		ED80E5A61E58850A000840F9 /* PBXContainerItemProxy */ = {
			isa = PBXContainerItemProxy;
			containerPortal = ED80E5891E58850A000840F9 /* Project object */;
			proxyType = 1;
			remoteGlobalIDString = ED80E5901E58850A000840F9;
			remoteInfo = mynotifs;
		};
		ED80E5B11E58850A000840F9 /* PBXContainerItemProxy */ = {
			isa = PBXContainerItemProxy;
			containerPortal = ED80E5891E58850A000840F9 /* Project object */;
			proxyType = 1;
			remoteGlobalIDString = ED80E5901E58850A000840F9;
			remoteInfo = mynotifs;
		};
/* End PBXContainerItemProxy section */

/* Begin PBXFileReference section */
		01ED2A868979F26E3BE8E309 /* Pods-mynotifs.debug.xcconfig */ = {isa = PBXFileReference; includeInIndex = 1; lastKnownFileType = text.xcconfig; name = "Pods-mynotifs.debug.xcconfig"; path = "Pods/Target Support Files/Pods-mynotifs/Pods-mynotifs.debug.xcconfig"; sourceTree = "<group>"; };
		05930A7B8DFAAA37C1860A58 /* Pods-mynotifs.release.xcconfig */ = {isa = PBXFileReference; includeInIndex = 1; lastKnownFileType = text.xcconfig; name = "Pods-mynotifs.release.xcconfig"; path = "Pods/Target Support Files/Pods-mynotifs/Pods-mynotifs.release.xcconfig"; sourceTree = "<group>"; };
		0B3F3FBB10C72482646A1BD8 /* Pods_mynotifsTests.framework */ = {isa = PBXFileReference; explicitFileType = wrapper.framework; includeInIndex = 0; path = Pods_mynotifsTests.framework; sourceTree = BUILT_PRODUCTS_DIR; };
		14AC2331FF8AD090171C25FC /* Pods-PokeRadar.release.xcconfig */ = {isa = PBXFileReference; includeInIndex = 1; lastKnownFileType = text.xcconfig; name = "Pods-PokeRadar.release.xcconfig"; path = "Pods/Target Support Files/Pods-PokeRadar/Pods-PokeRadar.release.xcconfig"; sourceTree = "<group>"; };
		4770AF514B7B1AEF9EA9EEB0 /* Pods-PokeRadarUITests.release.xcconfig */ = {isa = PBXFileReference; includeInIndex = 1; lastKnownFileType = text.xcconfig; name = "Pods-PokeRadarUITests.release.xcconfig"; path = "Pods/Target Support Files/Pods-PokeRadarUITests/Pods-PokeRadarUITests.release.xcconfig"; sourceTree = "<group>"; };
		5865C0043A68217CAC8DDEB7 /* Pods_PokeRadarTests.framework */ = {isa = PBXFileReference; explicitFileType = wrapper.framework; includeInIndex = 0; path = Pods_PokeRadarTests.framework; sourceTree = BUILT_PRODUCTS_DIR; };
		65C5B585E6E88C6073941623 /* Pods-PokeRadarUITests.debug.xcconfig */ = {isa = PBXFileReference; includeInIndex = 1; lastKnownFileType = text.xcconfig; name = "Pods-PokeRadarUITests.debug.xcconfig"; path = "Pods/Target Support Files/Pods-PokeRadarUITests/Pods-PokeRadarUITests.debug.xcconfig"; sourceTree = "<group>"; };
		67BB432C59AA43D412B170C8 /* Pods-mynotifsTests.debug.xcconfig */ = {isa = PBXFileReference; includeInIndex = 1; lastKnownFileType = text.xcconfig; name = "Pods-mynotifsTests.debug.xcconfig"; path = "Pods/Target Support Files/Pods-mynotifsTests/Pods-mynotifsTests.debug.xcconfig"; sourceTree = "<group>"; };
		6808C64AE193FAF1978D37D4 /* Pods-PokeRadarTests.release.xcconfig */ = {isa = PBXFileReference; includeInIndex = 1; lastKnownFileType = text.xcconfig; name = "Pods-PokeRadarTests.release.xcconfig"; path = "Pods/Target Support Files/Pods-PokeRadarTests/Pods-PokeRadarTests.release.xcconfig"; sourceTree = "<group>"; };
		8BB8FEBCE3240EC96DED55A5 /* Pods-PokeRadar.debug.xcconfig */ = {isa = PBXFileReference; includeInIndex = 1; lastKnownFileType = text.xcconfig; name = "Pods-PokeRadar.debug.xcconfig"; path = "Pods/Target Support Files/Pods-PokeRadar/Pods-PokeRadar.debug.xcconfig"; sourceTree = "<group>"; };
		8EBCD2210D0B9174E4DD0904 /* Pods-mynotifsUITests.release.xcconfig */ = {isa = PBXFileReference; includeInIndex = 1; lastKnownFileType = text.xcconfig; name = "Pods-mynotifsUITests.release.xcconfig"; path = "Pods/Target Support Files/Pods-mynotifsUITests/Pods-mynotifsUITests.release.xcconfig"; sourceTree = "<group>"; };
		B2186F90814FC7C1AFE59EB5 /* Pods_mynotifsUITests.framework */ = {isa = PBXFileReference; explicitFileType = wrapper.framework; includeInIndex = 0; path = Pods_mynotifsUITests.framework; sourceTree = BUILT_PRODUCTS_DIR; };
		C1D851FCBFB896F027092390 /* Pods_PokeRadarUITests.framework */ = {isa = PBXFileReference; explicitFileType = wrapper.framework; includeInIndex = 0; path = Pods_PokeRadarUITests.framework; sourceTree = BUILT_PRODUCTS_DIR; };
		D94954F786D898BE31BE431A /* Pods_mynotifs.framework */ = {isa = PBXFileReference; explicitFileType = wrapper.framework; includeInIndex = 0; path = Pods_mynotifs.framework; sourceTree = BUILT_PRODUCTS_DIR; };
		DAD780247A4A65616EEBD4F0 /* Pods-mynotifsTests.release.xcconfig */ = {isa = PBXFileReference; includeInIndex = 1; lastKnownFileType = text.xcconfig; name = "Pods-mynotifsTests.release.xcconfig"; path = "Pods/Target Support Files/Pods-mynotifsTests/Pods-mynotifsTests.release.xcconfig"; sourceTree = "<group>"; };
		E8CF96EEEC26F92D7769D9D0 /* Pods-PokeRadarTests.debug.xcconfig */ = {isa = PBXFileReference; includeInIndex = 1; lastKnownFileType = text.xcconfig; name = "Pods-PokeRadarTests.debug.xcconfig"; path = "Pods/Target Support Files/Pods-PokeRadarTests/Pods-PokeRadarTests.debug.xcconfig"; sourceTree = "<group>"; };
		ED488F3F209CE62F004443CA /* PokeListVC.swift */ = {isa = PBXFileReference; lastKnownFileType = sourcecode.swift; path = PokeListVC.swift; sourceTree = "<group>"; };
		ED488F40209CE62F004443CA /* PokeListVC.xib */ = {isa = PBXFileReference; lastKnownFileType = file.xib; path = PokeListVC.xib; sourceTree = "<group>"; };
		ED488F43209CE851004443CA /* PokeCell.swift */ = {isa = PBXFileReference; lastKnownFileType = sourcecode.swift; path = PokeCell.swift; sourceTree = "<group>"; };
		ED488F44209CE851004443CA /* PokeCell.xib */ = {isa = PBXFileReference; lastKnownFileType = file.xib; path = PokeCell.xib; sourceTree = "<group>"; };
		ED77E284209F1E9300DA0EB9 /* GoogleService-Info.plist */ = {isa = PBXFileReference; fileEncoding = 4; lastKnownFileType = text.plist.xml; path = "GoogleService-Info.plist"; sourceTree = "<group>"; };
		ED80E5911E58850A000840F9 /* PokeRadar.app */ = {isa = PBXFileReference; explicitFileType = wrapper.application; includeInIndex = 0; path = PokeRadar.app; sourceTree = BUILT_PRODUCTS_DIR; };
		ED80E5941E58850A000840F9 /* AppDelegate.swift */ = {isa = PBXFileReference; lastKnownFileType = sourcecode.swift; path = AppDelegate.swift; sourceTree = "<group>"; };
		ED80E5961E58850A000840F9 /* ViewController.swift */ = {isa = PBXFileReference; lastKnownFileType = sourcecode.swift; path = ViewController.swift; sourceTree = "<group>"; };
		ED80E5991E58850A000840F9 /* Base */ = {isa = PBXFileReference; lastKnownFileType = file.storyboard; name = Base; path = Base.lproj/Main.storyboard; sourceTree = "<group>"; };
		ED80E59B1E58850A000840F9 /* Assets.xcassets */ = {isa = PBXFileReference; lastKnownFileType = folder.assetcatalog; path = Assets.xcassets; sourceTree = "<group>"; };
		ED80E59E1E58850A000840F9 /* Base */ = {isa = PBXFileReference; lastKnownFileType = file.storyboard; name = Base; path = Base.lproj/LaunchScreen.storyboard; sourceTree = "<group>"; };
		ED80E5A01E58850A000840F9 /* Info.plist */ = {isa = PBXFileReference; lastKnownFileType = text.plist.xml; path = Info.plist; sourceTree = "<group>"; };
		ED80E5A51E58850A000840F9 /* PokeRadarTests.xctest */ = {isa = PBXFileReference; explicitFileType = wrapper.cfbundle; includeInIndex = 0; path = PokeRadarTests.xctest; sourceTree = BUILT_PRODUCTS_DIR; };
		ED80E5A91E58850A000840F9 /* mynotifsTests.swift */ = {isa = PBXFileReference; lastKnownFileType = sourcecode.swift; path = mynotifsTests.swift; sourceTree = "<group>"; };
		ED80E5AB1E58850A000840F9 /* Info.plist */ = {isa = PBXFileReference; lastKnownFileType = text.plist.xml; path = Info.plist; sourceTree = "<group>"; };
		ED80E5B01E58850A000840F9 /* PokeRadarUITests.xctest */ = {isa = PBXFileReference; explicitFileType = wrapper.cfbundle; includeInIndex = 0; path = PokeRadarUITests.xctest; sourceTree = BUILT_PRODUCTS_DIR; };
		ED80E5B41E58850A000840F9 /* mynotifsUITests.swift */ = {isa = PBXFileReference; lastKnownFileType = sourcecode.swift; path = mynotifsUITests.swift; sourceTree = "<group>"; };
		ED80E5B61E58850A000840F9 /* Info.plist */ = {isa = PBXFileReference; lastKnownFileType = text.plist.xml; path = Info.plist; sourceTree = "<group>"; };
		ED80E5C41E58998A000840F9 /* MapKit.framework */ = {isa = PBXFileReference; lastKnownFileType = wrapper.framework; name = MapKit.framework; path = System/Library/Frameworks/MapKit.framework; sourceTree = SDKROOT; };
		ED80E6051E58C4CA000840F9 /* GeoFire.h */ = {isa = PBXFileReference; fileEncoding = 4; lastKnownFileType = sourcecode.c.h; path = GeoFire.h; sourceTree = "<group>"; };
		ED80E6061E58C4CA000840F9 /* GFCircleQuery.h */ = {isa = PBXFileReference; fileEncoding = 4; lastKnownFileType = sourcecode.c.h; path = GFCircleQuery.h; sourceTree = "<group>"; };
		ED80E6071E58C4CA000840F9 /* GFQuery.h */ = {isa = PBXFileReference; fileEncoding = 4; lastKnownFileType = sourcecode.c.h; path = GFQuery.h; sourceTree = "<group>"; };
		ED80E6081E58C4CA000840F9 /* GFRegionQuery.h */ = {isa = PBXFileReference; fileEncoding = 4; lastKnownFileType = sourcecode.c.h; path = GFRegionQuery.h; sourceTree = "<group>"; };
		ED80E6091E58C4CA000840F9 /* GeoFire-Prefix.pch */ = {isa = PBXFileReference; fileEncoding = 4; lastKnownFileType = sourcecode.c.h; path = "GeoFire-Prefix.pch"; sourceTree = "<group>"; };
		ED80E60B1E58C4CA000840F9 /* GeoFire+Private.h */ = {isa = PBXFileReference; fileEncoding = 4; lastKnownFileType = sourcecode.c.h; path = "GeoFire+Private.h"; sourceTree = "<group>"; };
		ED80E60C1E58C4CA000840F9 /* GeoFire.m */ = {isa = PBXFileReference; fileEncoding = 4; lastKnownFileType = sourcecode.c.objc; path = GeoFire.m; sourceTree = "<group>"; };
		ED80E60D1E58C4CA000840F9 /* GFBase32Utils.h */ = {isa = PBXFileReference; fileEncoding = 4; lastKnownFileType = sourcecode.c.h; path = GFBase32Utils.h; sourceTree = "<group>"; };
		ED80E60E1E58C4CA000840F9 /* GFBase32Utils.m */ = {isa = PBXFileReference; fileEncoding = 4; lastKnownFileType = sourcecode.c.objc; path = GFBase32Utils.m; sourceTree = "<group>"; };
		ED80E60F1E58C4CA000840F9 /* GFGeoHash.h */ = {isa = PBXFileReference; fileEncoding = 4; lastKnownFileType = sourcecode.c.h; path = GFGeoHash.h; sourceTree = "<group>"; };
		ED80E6101E58C4CA000840F9 /* GFGeoHash.m */ = {isa = PBXFileReference; fileEncoding = 4; lastKnownFileType = sourcecode.c.objc; path = GFGeoHash.m; sourceTree = "<group>"; };
		ED80E6111E58C4CA000840F9 /* GFGeoHashQuery.h */ = {isa = PBXFileReference; fileEncoding = 4; lastKnownFileType = sourcecode.c.h; path = GFGeoHashQuery.h; sourceTree = "<group>"; };
		ED80E6121E58C4CA000840F9 /* GFGeoHashQuery.m */ = {isa = PBXFileReference; fileEncoding = 4; lastKnownFileType = sourcecode.c.objc; path = GFGeoHashQuery.m; sourceTree = "<group>"; };
		ED80E6131E58C4CA000840F9 /* GFQuery+Private.h */ = {isa = PBXFileReference; fileEncoding = 4; lastKnownFileType = sourcecode.c.h; path = "GFQuery+Private.h"; sourceTree = "<group>"; };
		ED80E6141E58C4CA000840F9 /* GFQuery.m */ = {isa = PBXFileReference; fileEncoding = 4; lastKnownFileType = sourcecode.c.objc; path = GFQuery.m; sourceTree = "<group>"; };
		ED80E61A1E58C58B000840F9 /* PokeRadar-Bridging-Header.h */ = {isa = PBXFileReference; lastKnownFileType = sourcecode.c.h; path = "PokeRadar-Bridging-Header.h"; sourceTree = "<group>"; };
		ED80E61B1E58CABF000840F9 /* PokeAnnotation.swift */ = {isa = PBXFileReference; fileEncoding = 4; lastKnownFileType = sourcecode.swift; path = PokeAnnotation.swift; sourceTree = "<group>"; };
		EDAA73B4209DAA92007139F8 /* Settings.swift */ = {isa = PBXFileReference; lastKnownFileType = sourcecode.swift; path = Settings.swift; sourceTree = "<group>"; };
		EDAA73B6209DC168007139F8 /* WelcomeAlert.swift */ = {isa = PBXFileReference; lastKnownFileType = sourcecode.swift; path = WelcomeAlert.swift; sourceTree = "<group>"; };
		EDBA1D20209C628A00B8D70E /* Extension.swift */ = {isa = PBXFileReference; lastKnownFileType = sourcecode.swift; path = Extension.swift; sourceTree = "<group>"; };
		F167049DBE083325964F6016 /* Pods_PokeRadar.framework */ = {isa = PBXFileReference; explicitFileType = wrapper.framework; includeInIndex = 0; path = Pods_PokeRadar.framework; sourceTree = BUILT_PRODUCTS_DIR; };
		F6D4B92D5FFAE45DAEEE5C14 /* Pods-mynotifsUITests.debug.xcconfig */ = {isa = PBXFileReference; includeInIndex = 1; lastKnownFileType = text.xcconfig; name = "Pods-mynotifsUITests.debug.xcconfig"; path = "Pods/Target Support Files/Pods-mynotifsUITests/Pods-mynotifsUITests.debug.xcconfig"; sourceTree = "<group>"; };
/* End PBXFileReference section */

/* Begin PBXFrameworksBuildPhase section */
		ED80E58E1E58850A000840F9 /* Frameworks */ = {
			isa = PBXFrameworksBuildPhase;
			buildActionMask = 2147483647;
			files = (
				ED80E5C51E58998A000840F9 /* MapKit.framework in Frameworks */,
				B46C6194DA8ACF6D34730969 /* Pods_PokeRadar.framework in Frameworks */,
			);
			runOnlyForDeploymentPostprocessing = 0;
		};
		ED80E5A21E58850A000840F9 /* Frameworks */ = {
			isa = PBXFrameworksBuildPhase;
			buildActionMask = 2147483647;
			files = (
				E5E0CE81B2C390AC2D45052C /* Pods_mynotifsTests.framework in Frameworks */,
				467DEAC092F8D8FDE92E7AC4 /* Pods_PokeRadarTests.framework in Frameworks */,
			);
			runOnlyForDeploymentPostprocessing = 0;
		};
		ED80E5AD1E58850A000840F9 /* Frameworks */ = {
			isa = PBXFrameworksBuildPhase;
			buildActionMask = 2147483647;
			files = (
				FE1D10D622B7A1239841C45C /* Pods_mynotifsUITests.framework in Frameworks */,
				007633AD7F59BB45AAF3693A /* Pods_PokeRadarUITests.framework in Frameworks */,
			);
			runOnlyForDeploymentPostprocessing = 0;
		};
/* End PBXFrameworksBuildPhase section */

/* Begin PBXGroup section */
		4398447C41DF65F936386C5D /* Pods */ = {
			isa = PBXGroup;
			children = (
				01ED2A868979F26E3BE8E309 /* Pods-mynotifs.debug.xcconfig */,
				05930A7B8DFAAA37C1860A58 /* Pods-mynotifs.release.xcconfig */,
				67BB432C59AA43D412B170C8 /* Pods-mynotifsTests.debug.xcconfig */,
				DAD780247A4A65616EEBD4F0 /* Pods-mynotifsTests.release.xcconfig */,
				F6D4B92D5FFAE45DAEEE5C14 /* Pods-mynotifsUITests.debug.xcconfig */,
				8EBCD2210D0B9174E4DD0904 /* Pods-mynotifsUITests.release.xcconfig */,
				8BB8FEBCE3240EC96DED55A5 /* Pods-PokeRadar.debug.xcconfig */,
				14AC2331FF8AD090171C25FC /* Pods-PokeRadar.release.xcconfig */,
				E8CF96EEEC26F92D7769D9D0 /* Pods-PokeRadarTests.debug.xcconfig */,
				6808C64AE193FAF1978D37D4 /* Pods-PokeRadarTests.release.xcconfig */,
				65C5B585E6E88C6073941623 /* Pods-PokeRadarUITests.debug.xcconfig */,
				4770AF514B7B1AEF9EA9EEB0 /* Pods-PokeRadarUITests.release.xcconfig */,
			);
			name = Pods;
			sourceTree = "<group>";
		};
		ED488F3C209CE463004443CA /* Extenstion */ = {
			isa = PBXGroup;
			children = (
				ED80E61B1E58CABF000840F9 /* PokeAnnotation.swift */,
				EDBA1D20209C628A00B8D70E /* Extension.swift */,
			);
			name = Extenstion;
			sourceTree = "<group>";
		};
		ED488F3D209CE473004443CA /* Controller */ = {
			isa = PBXGroup;
			children = (
				ED80E5961E58850A000840F9 /* ViewController.swift */,
				EDAA73B4209DAA92007139F8 /* Settings.swift */,
				ED488F3F209CE62F004443CA /* PokeListVC.swift */,
				ED488F40209CE62F004443CA /* PokeListVC.xib */,
				EDAA73B6209DC168007139F8 /* WelcomeAlert.swift */,
			);
			name = Controller;
			sourceTree = "<group>";
		};
		ED488F3E209CE489004443CA /* View */ = {
			isa = PBXGroup;
			children = (
				ED80E5981E58850A000840F9 /* Main.storyboard */,
				ED80E59D1E58850A000840F9 /* LaunchScreen.storyboard */,
				ED488F43209CE851004443CA /* PokeCell.swift */,
				ED488F44209CE851004443CA /* PokeCell.xib */,
			);
			name = View;
			sourceTree = "<group>";
		};
		ED80E5881E58850A000840F9 = {
			isa = PBXGroup;
			children = (
				ED80E61A1E58C58B000840F9 /* PokeRadar-Bridging-Header.h */,
				ED80E6031E58C4CA000840F9 /* GeoFire */,
				ED80E5931E58850A000840F9 /* mynotifs */,
				ED80E5A81E58850A000840F9 /* mynotifsTests */,
				ED80E5B31E58850A000840F9 /* mynotifsUITests */,
				ED80E5921E58850A000840F9 /* Products */,
				4398447C41DF65F936386C5D /* Pods */,
				F634A0EE4DC7C98168FC43FA /* Frameworks */,
			);
			sourceTree = "<group>";
		};
		ED80E5921E58850A000840F9 /* Products */ = {
			isa = PBXGroup;
			children = (
				ED80E5911E58850A000840F9 /* PokeRadar.app */,
				ED80E5A51E58850A000840F9 /* PokeRadarTests.xctest */,
				ED80E5B01E58850A000840F9 /* PokeRadarUITests.xctest */,
			);
			name = Products;
			sourceTree = "<group>";
		};
		ED80E5931E58850A000840F9 /* mynotifs */ = {
			isa = PBXGroup;
			children = (
				EDBA1D22209CE40300B8D70E /* Supporting Files */,
				ED488F3C209CE463004443CA /* Extenstion */,
				ED488F3D209CE473004443CA /* Controller */,
				ED488F3E209CE489004443CA /* View */,
			);
			path = mynotifs;
			sourceTree = "<group>";
		};
		ED80E5A81E58850A000840F9 /* mynotifsTests */ = {
			isa = PBXGroup;
			children = (
				ED80E5A91E58850A000840F9 /* mynotifsTests.swift */,
				ED80E5AB1E58850A000840F9 /* Info.plist */,
			);
			path = mynotifsTests;
			sourceTree = "<group>";
		};
		ED80E5B31E58850A000840F9 /* mynotifsUITests */ = {
			isa = PBXGroup;
			children = (
				ED80E5B41E58850A000840F9 /* mynotifsUITests.swift */,
				ED80E5B61E58850A000840F9 /* Info.plist */,
			);
			path = mynotifsUITests;
			sourceTree = "<group>";
		};
		ED80E6031E58C4CA000840F9 /* GeoFire */ = {
			isa = PBXGroup;
			children = (
				ED80E6041E58C4CA000840F9 /* API */,
				ED80E6091E58C4CA000840F9 /* GeoFire-Prefix.pch */,
				ED80E60A1E58C4CA000840F9 /* Implementation */,
			);
			path = GeoFire;
			sourceTree = "<group>";
		};
		ED80E6041E58C4CA000840F9 /* API */ = {
			isa = PBXGroup;
			children = (
				ED80E6051E58C4CA000840F9 /* GeoFire.h */,
				ED80E6061E58C4CA000840F9 /* GFCircleQuery.h */,
				ED80E6071E58C4CA000840F9 /* GFQuery.h */,
				ED80E6081E58C4CA000840F9 /* GFRegionQuery.h */,
			);
			path = API;
			sourceTree = "<group>";
		};
		ED80E60A1E58C4CA000840F9 /* Implementation */ = {
			isa = PBXGroup;
			children = (
				ED80E60B1E58C4CA000840F9 /* GeoFire+Private.h */,
				ED80E60C1E58C4CA000840F9 /* GeoFire.m */,
				ED80E60D1E58C4CA000840F9 /* GFBase32Utils.h */,
				ED80E60E1E58C4CA000840F9 /* GFBase32Utils.m */,
				ED80E60F1E58C4CA000840F9 /* GFGeoHash.h */,
				ED80E6101E58C4CA000840F9 /* GFGeoHash.m */,
				ED80E6111E58C4CA000840F9 /* GFGeoHashQuery.h */,
				ED80E6121E58C4CA000840F9 /* GFGeoHashQuery.m */,
				ED80E6131E58C4CA000840F9 /* GFQuery+Private.h */,
				ED80E6141E58C4CA000840F9 /* GFQuery.m */,
			);
			path = Implementation;
			sourceTree = "<group>";
		};
		EDBA1D22209CE40300B8D70E /* Supporting Files */ = {
			isa = PBXGroup;
			children = (
				ED80E59B1E58850A000840F9 /* Assets.xcassets */,
				ED80E5941E58850A000840F9 /* AppDelegate.swift */,
				ED80E5A01E58850A000840F9 /* Info.plist */,
				ED77E284209F1E9300DA0EB9 /* GoogleService-Info.plist */,
			);
			name = "Supporting Files";
			sourceTree = "<group>";
		};
		F634A0EE4DC7C98168FC43FA /* Frameworks */ = {
			isa = PBXGroup;
			children = (
				ED80E5C41E58998A000840F9 /* MapKit.framework */,
				D94954F786D898BE31BE431A /* Pods_mynotifs.framework */,
				0B3F3FBB10C72482646A1BD8 /* Pods_mynotifsTests.framework */,
				B2186F90814FC7C1AFE59EB5 /* Pods_mynotifsUITests.framework */,
				F167049DBE083325964F6016 /* Pods_PokeRadar.framework */,
				5865C0043A68217CAC8DDEB7 /* Pods_PokeRadarTests.framework */,
				C1D851FCBFB896F027092390 /* Pods_PokeRadarUITests.framework */,
			);
			name = Frameworks;
			sourceTree = "<group>";
		};
/* End PBXGroup section */

/* Begin PBXNativeTarget section */
		ED80E5901E58850A000840F9 /* PokeRadar */ = {
			isa = PBXNativeTarget;
			buildConfigurationList = ED80E5B91E58850A000840F9 /* Build configuration list for PBXNativeTarget "PokeRadar" */;
			buildPhases = (
				41EB89267AD42795A1555E60 /* [CP] Check Pods Manifest.lock */,
				ED80E58D1E58850A000840F9 /* Sources */,
				ED80E58E1E58850A000840F9 /* Frameworks */,
				ED80E58F1E58850A000840F9 /* Resources */,
				1FAD905D01EA751A7A18A49B /* [CP] Embed Pods Frameworks */,
				37030078EFAC10AC67809A5A /* [CP] Copy Pods Resources */,
			);
			buildRules = (
			);
			dependencies = (
			);
			name = PokeRadar;
			productName = mynotifs;
			productReference = ED80E5911E58850A000840F9 /* PokeRadar.app */;
			productType = "com.apple.product-type.application";
		};
		ED80E5A41E58850A000840F9 /* PokeRadarTests */ = {
			isa = PBXNativeTarget;
			buildConfigurationList = ED80E5BC1E58850A000840F9 /* Build configuration list for PBXNativeTarget "PokeRadarTests" */;
			buildPhases = (
				AD75465256DBB52FFAFBB95F /* [CP] Check Pods Manifest.lock */,
				ED80E5A11E58850A000840F9 /* Sources */,
				ED80E5A21E58850A000840F9 /* Frameworks */,
				ED80E5A31E58850A000840F9 /* Resources */,
				A57EBB615F5F9C83564060DA /* [CP] Embed Pods Frameworks */,
				5028A73167D72926D757C98D /* [CP] Copy Pods Resources */,
			);
			buildRules = (
			);
			dependencies = (
				ED80E5A71E58850A000840F9 /* PBXTargetDependency */,
			);
			name = PokeRadarTests;
			productName = mynotifsTests;
			productReference = ED80E5A51E58850A000840F9 /* PokeRadarTests.xctest */;
			productType = "com.apple.product-type.bundle.unit-test";
		};
		ED80E5AF1E58850A000840F9 /* PokeRadarUITests */ = {
			isa = PBXNativeTarget;
			buildConfigurationList = ED80E5BF1E58850A000840F9 /* Build configuration list for PBXNativeTarget "PokeRadarUITests" */;
			buildPhases = (
				42CDC12EF49D61C3D06C5662 /* [CP] Check Pods Manifest.lock */,
				ED80E5AC1E58850A000840F9 /* Sources */,
				ED80E5AD1E58850A000840F9 /* Frameworks */,
				ED80E5AE1E58850A000840F9 /* Resources */,
				4FD0A20A54DAEEA7596B620E /* [CP] Embed Pods Frameworks */,
				D862648B6913B3711DCC1C1E /* [CP] Copy Pods Resources */,
			);
			buildRules = (
			);
			dependencies = (
				ED80E5B21E58850A000840F9 /* PBXTargetDependency */,
			);
			name = PokeRadarUITests;
			productName = mynotifsUITests;
			productReference = ED80E5B01E58850A000840F9 /* PokeRadarUITests.xctest */;
			productType = "com.apple.product-type.bundle.ui-testing";
		};
/* End PBXNativeTarget section */

/* Begin PBXProject section */
		ED80E5891E58850A000840F9 /* Project object */ = {
			isa = PBXProject;
			attributes = {
				LastSwiftUpdateCheck = 0820;
				LastUpgradeCheck = 0820;
				ORGANIZATIONNAME = weza;
				TargetAttributes = {
					ED80E5901E58850A000840F9 = {
						CreatedOnToolsVersion = 8.2.1;
						DevelopmentTeam = G5A2E3RMNX;
						ProvisioningStyle = Automatic;
						SystemCapabilities = {
							com.apple.Maps.iOS = {
								enabled = 1;
							};
						};
					};
					ED80E5A41E58850A000840F9 = {
						CreatedOnToolsVersion = 8.2.1;
						DevelopmentTeam = G5A2E3RMNX;
						ProvisioningStyle = Automatic;
						TestTargetID = ED80E5901E58850A000840F9;
					};
					ED80E5AF1E58850A000840F9 = {
						CreatedOnToolsVersion = 8.2.1;
						DevelopmentTeam = G5A2E3RMNX;
						ProvisioningStyle = Automatic;
						TestTargetID = ED80E5901E58850A000840F9;
					};
				};
			};
			buildConfigurationList = ED80E58C1E58850A000840F9 /* Build configuration list for PBXProject "PokeRadar" */;
			compatibilityVersion = "Xcode 3.2";
			developmentRegion = English;
			hasScannedForEncodings = 0;
			knownRegions = (
				en,
				Base,
			);
			mainGroup = ED80E5881E58850A000840F9;
			productRefGroup = ED80E5921E58850A000840F9 /* Products */;
			projectDirPath = "";
			projectRoot = "";
			targets = (
				ED80E5901E58850A000840F9 /* PokeRadar */,
				ED80E5A41E58850A000840F9 /* PokeRadarTests */,
				ED80E5AF1E58850A000840F9 /* PokeRadarUITests */,
			);
		};
/* End PBXProject section */

/* Begin PBXResourcesBuildPhase section */
		ED80E58F1E58850A000840F9 /* Resources */ = {
			isa = PBXResourcesBuildPhase;
			buildActionMask = 2147483647;
			files = (
				ED77E283209F19E000DA0EB9 /* Assets.xcassets in Resources */,
				ED488F46209CE851004443CA /* PokeCell.xib in Resources */,
				ED80E59F1E58850A000840F9 /* LaunchScreen.storyboard in Resources */,
				ED488F42209CE62F004443CA /* PokeListVC.xib in Resources */,
				ED80E59A1E58850A000840F9 /* Main.storyboard in Resources */,
				ED77E285209F1E9300DA0EB9 /* GoogleService-Info.plist in Resources */,
			);
			runOnlyForDeploymentPostprocessing = 0;
		};
		ED80E5A31E58850A000840F9 /* Resources */ = {
			isa = PBXResourcesBuildPhase;
			buildActionMask = 2147483647;
			files = (
			);
			runOnlyForDeploymentPostprocessing = 0;
		};
		ED80E5AE1E58850A000840F9 /* Resources */ = {
			isa = PBXResourcesBuildPhase;
			buildActionMask = 2147483647;
			files = (
			);
			runOnlyForDeploymentPostprocessing = 0;
		};
/* End PBXResourcesBuildPhase section */

/* Begin PBXShellScriptBuildPhase section */
		1FAD905D01EA751A7A18A49B /* [CP] Embed Pods Frameworks */ = {
			isa = PBXShellScriptBuildPhase;
			buildActionMask = 2147483647;
			files = (
			);
			inputPaths = (
				"${SRCROOT}/Pods/Target Support Files/Pods-PokeRadar/Pods-PokeRadar-frameworks.sh",
				"${BUILT_PRODUCTS_DIR}/AlertOnboarding/AlertOnboarding.framework",
				"${BUILT_PRODUCTS_DIR}/GoogleToolboxForMac/GoogleToolboxForMac.framework",
				"${BUILT_PRODUCTS_DIR}/leveldb-library/leveldb.framework",
				"${BUILT_PRODUCTS_DIR}/nanopb/nanopb.framework",
			);
			name = "[CP] Embed Pods Frameworks";
			outputPaths = (
				"${TARGET_BUILD_DIR}/${FRAMEWORKS_FOLDER_PATH}/AlertOnboarding.framework",
				"${TARGET_BUILD_DIR}/${FRAMEWORKS_FOLDER_PATH}/GoogleToolboxForMac.framework",
				"${TARGET_BUILD_DIR}/${FRAMEWORKS_FOLDER_PATH}/leveldb.framework",
				"${TARGET_BUILD_DIR}/${FRAMEWORKS_FOLDER_PATH}/nanopb.framework",
			);
			runOnlyForDeploymentPostprocessing = 0;
			shellPath = /bin/sh;
			shellScript = "\"${SRCROOT}/Pods/Target Support Files/Pods-PokeRadar/Pods-PokeRadar-frameworks.sh\"\n";
			showEnvVarsInLog = 0;
		};
		37030078EFAC10AC67809A5A /* [CP] Copy Pods Resources */ = {
			isa = PBXShellScriptBuildPhase;
			buildActionMask = 2147483647;
			files = (
			);
			inputPaths = (
			);
			name = "[CP] Copy Pods Resources";
			outputPaths = (
			);
			runOnlyForDeploymentPostprocessing = 0;
			shellPath = /bin/sh;
			shellScript = "\"${SRCROOT}/Pods/Target Support Files/Pods-PokeRadar/Pods-PokeRadar-resources.sh\"\n";
			showEnvVarsInLog = 0;
		};
		41EB89267AD42795A1555E60 /* [CP] Check Pods Manifest.lock */ = {
			isa = PBXShellScriptBuildPhase;
			buildActionMask = 2147483647;
			files = (
			);
			inputPaths = (
				"${PODS_PODFILE_DIR_PATH}/Podfile.lock",
				"${PODS_ROOT}/Manifest.lock",
			);
			name = "[CP] Check Pods Manifest.lock";
			outputPaths = (
				"$(DERIVED_FILE_DIR)/Pods-PokeRadar-checkManifestLockResult.txt",
			);
			runOnlyForDeploymentPostprocessing = 0;
			shellPath = /bin/sh;
			shellScript = "diff \"${PODS_PODFILE_DIR_PATH}/Podfile.lock\" \"${PODS_ROOT}/Manifest.lock\" > /dev/null\nif [ $? != 0 ] ; then\n    # print error to STDERR\n    echo \"error: The sandbox is not in sync with the Podfile.lock. Run 'pod install' or update your CocoaPods installation.\" >&2\n    exit 1\nfi\n# This output is used by Xcode 'outputs' to avoid re-running this script phase.\necho \"SUCCESS\" > \"${SCRIPT_OUTPUT_FILE_0}\"\n";
			showEnvVarsInLog = 0;
		};
		42CDC12EF49D61C3D06C5662 /* [CP] Check Pods Manifest.lock */ = {
			isa = PBXShellScriptBuildPhase;
			buildActionMask = 2147483647;
			files = (
			);
			inputPaths = (
				"${PODS_PODFILE_DIR_PATH}/Podfile.lock",
				"${PODS_ROOT}/Manifest.lock",
			);
			name = "[CP] Check Pods Manifest.lock";
			outputPaths = (
				"$(DERIVED_FILE_DIR)/Pods-PokeRadarUITests-checkManifestLockResult.txt",
			);
			runOnlyForDeploymentPostprocessing = 0;
			shellPath = /bin/sh;
			shellScript = "diff \"${PODS_PODFILE_DIR_PATH}/Podfile.lock\" \"${PODS_ROOT}/Manifest.lock\" > /dev/null\nif [ $? != 0 ] ; then\n    # print error to STDERR\n    echo \"error: The sandbox is not in sync with the Podfile.lock. Run 'pod install' or update your CocoaPods installation.\" >&2\n    exit 1\nfi\n# This output is used by Xcode 'outputs' to avoid re-running this script phase.\necho \"SUCCESS\" > \"${SCRIPT_OUTPUT_FILE_0}\"\n";
			showEnvVarsInLog = 0;
		};
		4FD0A20A54DAEEA7596B620E /* [CP] Embed Pods Frameworks */ = {
			isa = PBXShellScriptBuildPhase;
			buildActionMask = 2147483647;
			files = (
			);
			inputPaths = (
			);
			name = "[CP] Embed Pods Frameworks";
			outputPaths = (
			);
			runOnlyForDeploymentPostprocessing = 0;
			shellPath = /bin/sh;
			shellScript = "\"${SRCROOT}/Pods/Target Support Files/Pods-PokeRadarUITests/Pods-PokeRadarUITests-frameworks.sh\"\n";
			showEnvVarsInLog = 0;
		};
		5028A73167D72926D757C98D /* [CP] Copy Pods Resources */ = {
			isa = PBXShellScriptBuildPhase;
			buildActionMask = 2147483647;
			files = (
			);
			inputPaths = (
			);
			name = "[CP] Copy Pods Resources";
			outputPaths = (
			);
			runOnlyForDeploymentPostprocessing = 0;
			shellPath = /bin/sh;
			shellScript = "\"${SRCROOT}/Pods/Target Support Files/Pods-PokeRadarTests/Pods-PokeRadarTests-resources.sh\"\n";
			showEnvVarsInLog = 0;
		};
		A57EBB615F5F9C83564060DA /* [CP] Embed Pods Frameworks */ = {
			isa = PBXShellScriptBuildPhase;
			buildActionMask = 2147483647;
			files = (
			);
			inputPaths = (
			);
			name = "[CP] Embed Pods Frameworks";
			outputPaths = (
			);
			runOnlyForDeploymentPostprocessing = 0;
			shellPath = /bin/sh;
			shellScript = "\"${SRCROOT}/Pods/Target Support Files/Pods-PokeRadarTests/Pods-PokeRadarTests-frameworks.sh\"\n";
			showEnvVarsInLog = 0;
		};
		AD75465256DBB52FFAFBB95F /* [CP] Check Pods Manifest.lock */ = {
			isa = PBXShellScriptBuildPhase;
			buildActionMask = 2147483647;
			files = (
			);
			inputPaths = (
				"${PODS_PODFILE_DIR_PATH}/Podfile.lock",
				"${PODS_ROOT}/Manifest.lock",
			);
			name = "[CP] Check Pods Manifest.lock";
			outputPaths = (
				"$(DERIVED_FILE_DIR)/Pods-PokeRadarTests-checkManifestLockResult.txt",
			);
			runOnlyForDeploymentPostprocessing = 0;
			shellPath = /bin/sh;
			shellScript = "diff \"${PODS_PODFILE_DIR_PATH}/Podfile.lock\" \"${PODS_ROOT}/Manifest.lock\" > /dev/null\nif [ $? != 0 ] ; then\n    # print error to STDERR\n    echo \"error: The sandbox is not in sync with the Podfile.lock. Run 'pod install' or update your CocoaPods installation.\" >&2\n    exit 1\nfi\n# This output is used by Xcode 'outputs' to avoid re-running this script phase.\necho \"SUCCESS\" > \"${SCRIPT_OUTPUT_FILE_0}\"\n";
			showEnvVarsInLog = 0;
		};
		D862648B6913B3711DCC1C1E /* [CP] Copy Pods Resources */ = {
			isa = PBXShellScriptBuildPhase;
			buildActionMask = 2147483647;
			files = (
			);
			inputPaths = (
			);
			name = "[CP] Copy Pods Resources";
			outputPaths = (
			);
			runOnlyForDeploymentPostprocessing = 0;
			shellPath = /bin/sh;
			shellScript = "\"${SRCROOT}/Pods/Target Support Files/Pods-PokeRadarUITests/Pods-PokeRadarUITests-resources.sh\"\n";
			showEnvVarsInLog = 0;
		};
/* End PBXShellScriptBuildPhase section */

/* Begin PBXSourcesBuildPhase section */
		ED80E58D1E58850A000840F9 /* Sources */ = {
			isa = PBXSourcesBuildPhase;
			buildActionMask = 2147483647;
			files = (
				EDBA1D21209C628B00B8D70E /* Extension.swift in Sources */,
				ED80E6161E58C4CA000840F9 /* GFBase32Utils.m in Sources */,
				ED80E61C1E58CABF000840F9 /* PokeAnnotation.swift in Sources */,
				ED488F41209CE62F004443CA /* PokeListVC.swift in Sources */,
				ED80E5971E58850A000840F9 /* ViewController.swift in Sources */,
				EDAA73B7209DC168007139F8 /* WelcomeAlert.swift in Sources */,
				ED80E6171E58C4CA000840F9 /* GFGeoHash.m in Sources */,
				EDAA73B5209DAA92007139F8 /* Settings.swift in Sources */,
				ED80E5951E58850A000840F9 /* AppDelegate.swift in Sources */,
				ED80E6151E58C4CA000840F9 /* GeoFire.m in Sources */,
				ED80E6181E58C4CA000840F9 /* GFGeoHashQuery.m in Sources */,
				ED488F45209CE851004443CA /* PokeCell.swift in Sources */,
				ED80E6191E58C4CA000840F9 /* GFQuery.m in Sources */,
			);
			runOnlyForDeploymentPostprocessing = 0;
		};
		ED80E5A11E58850A000840F9 /* Sources */ = {
			isa = PBXSourcesBuildPhase;
			buildActionMask = 2147483647;
			files = (
				ED80E5AA1E58850A000840F9 /* mynotifsTests.swift in Sources */,
			);
			runOnlyForDeploymentPostprocessing = 0;
		};
		ED80E5AC1E58850A000840F9 /* Sources */ = {
			isa = PBXSourcesBuildPhase;
			buildActionMask = 2147483647;
			files = (
				ED80E5B51E58850A000840F9 /* mynotifsUITests.swift in Sources */,
			);
			runOnlyForDeploymentPostprocessing = 0;
		};
/* End PBXSourcesBuildPhase section */

/* Begin PBXTargetDependency section */
		ED80E5A71E58850A000840F9 /* PBXTargetDependency */ = {
			isa = PBXTargetDependency;
			target = ED80E5901E58850A000840F9 /* PokeRadar */;
			targetProxy = ED80E5A61E58850A000840F9 /* PBXContainerItemProxy */;
		};
		ED80E5B21E58850A000840F9 /* PBXTargetDependency */ = {
			isa = PBXTargetDependency;
			target = ED80E5901E58850A000840F9 /* PokeRadar */;
			targetProxy = ED80E5B11E58850A000840F9 /* PBXContainerItemProxy */;
		};
/* End PBXTargetDependency section */

/* Begin PBXVariantGroup section */
		ED80E5981E58850A000840F9 /* Main.storyboard */ = {
			isa = PBXVariantGroup;
			children = (
				ED80E5991E58850A000840F9 /* Base */,
			);
			name = Main.storyboard;
			sourceTree = "<group>";
		};
		ED80E59D1E58850A000840F9 /* LaunchScreen.storyboard */ = {
			isa = PBXVariantGroup;
			children = (
				ED80E59E1E58850A000840F9 /* Base */,
			);
			name = LaunchScreen.storyboard;
			sourceTree = "<group>";
		};
/* End PBXVariantGroup section */

/* Begin XCBuildConfiguration section */
		ED80E5B71E58850A000840F9 /* Debug */ = {
			isa = XCBuildConfiguration;
			buildSettings = {
				ALWAYS_SEARCH_USER_PATHS = NO;
				CLANG_ANALYZER_NONNULL = YES;
				CLANG_CXX_LANGUAGE_STANDARD = "gnu++0x";
				CLANG_CXX_LIBRARY = "libc++";
				CLANG_ENABLE_MODULES = YES;
				CLANG_ENABLE_OBJC_ARC = YES;
				CLANG_WARN_BOOL_CONVERSION = YES;
				CLANG_WARN_CONSTANT_CONVERSION = YES;
				CLANG_WARN_DIRECT_OBJC_ISA_USAGE = YES_ERROR;
				CLANG_WARN_DOCUMENTATION_COMMENTS = YES;
				CLANG_WARN_EMPTY_BODY = YES;
				CLANG_WARN_ENUM_CONVERSION = YES;
				CLANG_WARN_INFINITE_RECURSION = YES;
				CLANG_WARN_INT_CONVERSION = YES;
				CLANG_WARN_OBJC_ROOT_CLASS = YES_ERROR;
				CLANG_WARN_SUSPICIOUS_MOVE = YES;
				CLANG_WARN_UNREACHABLE_CODE = YES;
				CLANG_WARN__DUPLICATE_METHOD_MATCH = YES;
				"CODE_SIGN_IDENTITY[sdk=iphoneos*]" = "iPhone Developer";
				COPY_PHASE_STRIP = NO;
				DEBUG_INFORMATION_FORMAT = dwarf;
				ENABLE_STRICT_OBJC_MSGSEND = YES;
				ENABLE_TESTABILITY = YES;
				GCC_C_LANGUAGE_STANDARD = gnu99;
				GCC_DYNAMIC_NO_PIC = NO;
				GCC_NO_COMMON_BLOCKS = YES;
				GCC_OPTIMIZATION_LEVEL = 0;
				GCC_PREPROCESSOR_DEFINITIONS = (
					"DEBUG=1",
					"$(inherited)",
				);
				GCC_WARN_64_TO_32_BIT_CONVERSION = YES;
				GCC_WARN_ABOUT_RETURN_TYPE = YES_ERROR;
				GCC_WARN_UNDECLARED_SELECTOR = YES;
				GCC_WARN_UNINITIALIZED_AUTOS = YES_AGGRESSIVE;
				GCC_WARN_UNUSED_FUNCTION = YES;
				GCC_WARN_UNUSED_VARIABLE = YES;
				IPHONEOS_DEPLOYMENT_TARGET = 10.2;
				MTL_ENABLE_DEBUG_INFO = YES;
				ONLY_ACTIVE_ARCH = YES;
				SDKROOT = iphoneos;
				SWIFT_ACTIVE_COMPILATION_CONDITIONS = DEBUG;
				SWIFT_OPTIMIZATION_LEVEL = "-Onone";
				TARGETED_DEVICE_FAMILY = "1,2";
			};
			name = Debug;
		};
		ED80E5B81E58850A000840F9 /* Release */ = {
			isa = XCBuildConfiguration;
			buildSettings = {
				ALWAYS_SEARCH_USER_PATHS = NO;
				CLANG_ANALYZER_NONNULL = YES;
				CLANG_CXX_LANGUAGE_STANDARD = "gnu++0x";
				CLANG_CXX_LIBRARY = "libc++";
				CLANG_ENABLE_MODULES = YES;
				CLANG_ENABLE_OBJC_ARC = YES;
				CLANG_WARN_BOOL_CONVERSION = YES;
				CLANG_WARN_CONSTANT_CONVERSION = YES;
				CLANG_WARN_DIRECT_OBJC_ISA_USAGE = YES_ERROR;
				CLANG_WARN_DOCUMENTATION_COMMENTS = YES;
				CLANG_WARN_EMPTY_BODY = YES;
				CLANG_WARN_ENUM_CONVERSION = YES;
				CLANG_WARN_INFINITE_RECURSION = YES;
				CLANG_WARN_INT_CONVERSION = YES;
				CLANG_WARN_OBJC_ROOT_CLASS = YES_ERROR;
				CLANG_WARN_SUSPICIOUS_MOVE = YES;
				CLANG_WARN_UNREACHABLE_CODE = YES;
				CLANG_WARN__DUPLICATE_METHOD_MATCH = YES;
				"CODE_SIGN_IDENTITY[sdk=iphoneos*]" = "iPhone Developer";
				COPY_PHASE_STRIP = NO;
				DEBUG_INFORMATION_FORMAT = "dwarf-with-dsym";
				ENABLE_NS_ASSERTIONS = NO;
				ENABLE_STRICT_OBJC_MSGSEND = YES;
				GCC_C_LANGUAGE_STANDARD = gnu99;
				GCC_NO_COMMON_BLOCKS = YES;
				GCC_WARN_64_TO_32_BIT_CONVERSION = YES;
				GCC_WARN_ABOUT_RETURN_TYPE = YES_ERROR;
				GCC_WARN_UNDECLARED_SELECTOR = YES;
				GCC_WARN_UNINITIALIZED_AUTOS = YES_AGGRESSIVE;
				GCC_WARN_UNUSED_FUNCTION = YES;
				GCC_WARN_UNUSED_VARIABLE = YES;
				IPHONEOS_DEPLOYMENT_TARGET = 10.2;
				MTL_ENABLE_DEBUG_INFO = NO;
				SDKROOT = iphoneos;
				SWIFT_OPTIMIZATION_LEVEL = "-Owholemodule";
				TARGETED_DEVICE_FAMILY = "1,2";
				VALIDATE_PRODUCT = YES;
			};
			name = Release;
		};
		ED80E5BA1E58850A000840F9 /* Debug */ = {
			isa = XCBuildConfiguration;
			baseConfigurationReference = 8BB8FEBCE3240EC96DED55A5 /* Pods-PokeRadar.debug.xcconfig */;
			buildSettings = {
				ASSETCATALOG_COMPILER_APPICON_NAME = AppIcon;
				ASSETCATALOG_COMPILER_LAUNCHIMAGE_NAME = LaunchImage;
				DEVELOPMENT_TEAM = G5A2E3RMNX;
				INFOPLIST_FILE = mynotifs/Info.plist;
				IPHONEOS_DEPLOYMENT_TARGET = 10.0;
				LD_RUNPATH_SEARCH_PATHS = "$(inherited) @executable_path/Frameworks";
				PRODUCT_BUNDLE_IDENTIFIER = com.weza.PokeRadar;
				PRODUCT_NAME = "$(TARGET_NAME)";
				SWIFT_OBJC_BRIDGING_HEADER = "$(SRCROOT)/$(SWIFT_MODULE_NAME)-Bridging-Header.h";
				SWIFT_VERSION = 3.0;
			};
			name = Debug;
		};
		ED80E5BB1E58850A000840F9 /* Release */ = {
			isa = XCBuildConfiguration;
			baseConfigurationReference = 14AC2331FF8AD090171C25FC /* Pods-PokeRadar.release.xcconfig */;
			buildSettings = {
				ASSETCATALOG_COMPILER_APPICON_NAME = AppIcon;
				ASSETCATALOG_COMPILER_LAUNCHIMAGE_NAME = LaunchImage;
				DEVELOPMENT_TEAM = G5A2E3RMNX;
				INFOPLIST_FILE = mynotifs/Info.plist;
				IPHONEOS_DEPLOYMENT_TARGET = 10.0;
				LD_RUNPATH_SEARCH_PATHS = "$(inherited) @executable_path/Frameworks";
				PRODUCT_BUNDLE_IDENTIFIER = com.weza.PokeRadar;
				PRODUCT_NAME = "$(TARGET_NAME)";
				SWIFT_OBJC_BRIDGING_HEADER = "$(SRCROOT)/$(SWIFT_MODULE_NAME)-Bridging-Header.h";
				SWIFT_VERSION = 3.0;
			};
			name = Release;
		};
		ED80E5BD1E58850A000840F9 /* Debug */ = {
			isa = XCBuildConfiguration;
			baseConfigurationReference = E8CF96EEEC26F92D7769D9D0 /* Pods-PokeRadarTests.debug.xcconfig */;
			buildSettings = {
				ALWAYS_EMBED_SWIFT_STANDARD_LIBRARIES = YES;
				BUNDLE_LOADER = "$(TEST_HOST)";
				DEVELOPMENT_TEAM = G5A2E3RMNX;
				INFOPLIST_FILE = mynotifsTests/Info.plist;
				LD_RUNPATH_SEARCH_PATHS = "$(inherited) @executable_path/Frameworks @loader_path/Frameworks";
				PRODUCT_BUNDLE_IDENTIFIER = com.weza.mynotifsTests;
				PRODUCT_NAME = "$(TARGET_NAME)";
				SWIFT_VERSION = 3.0;
				TEST_HOST = "$(BUILT_PRODUCTS_DIR)/PokeRadar.app/PokeRadar";
			};
			name = Debug;
		};
		ED80E5BE1E58850A000840F9 /* Release */ = {
			isa = XCBuildConfiguration;
			baseConfigurationReference = 6808C64AE193FAF1978D37D4 /* Pods-PokeRadarTests.release.xcconfig */;
			buildSettings = {
				ALWAYS_EMBED_SWIFT_STANDARD_LIBRARIES = YES;
				BUNDLE_LOADER = "$(TEST_HOST)";
				DEVELOPMENT_TEAM = G5A2E3RMNX;
				INFOPLIST_FILE = mynotifsTests/Info.plist;
				LD_RUNPATH_SEARCH_PATHS = "$(inherited) @executable_path/Frameworks @loader_path/Frameworks";
				PRODUCT_BUNDLE_IDENTIFIER = com.weza.mynotifsTests;
				PRODUCT_NAME = "$(TARGET_NAME)";
				SWIFT_VERSION = 3.0;
				TEST_HOST = "$(BUILT_PRODUCTS_DIR)/PokeRadar.app/PokeRadar";
			};
			name = Release;
		};
		ED80E5C01E58850A000840F9 /* Debug */ = {
			isa = XCBuildConfiguration;
			baseConfigurationReference = 65C5B585E6E88C6073941623 /* Pods-PokeRadarUITests.debug.xcconfig */;
			buildSettings = {
				ALWAYS_EMBED_SWIFT_STANDARD_LIBRARIES = YES;
				DEVELOPMENT_TEAM = G5A2E3RMNX;
				INFOPLIST_FILE = mynotifsUITests/Info.plist;
				LD_RUNPATH_SEARCH_PATHS = "$(inherited) @executable_path/Frameworks @loader_path/Frameworks";
				PRODUCT_BUNDLE_IDENTIFIER = com.weza.mynotifsUITests;
				PRODUCT_NAME = "$(TARGET_NAME)";
				SWIFT_VERSION = 3.0;
				TEST_TARGET_NAME = mynotifs;
			};
			name = Debug;
		};
		ED80E5C11E58850A000840F9 /* Release */ = {
			isa = XCBuildConfiguration;
			baseConfigurationReference = 4770AF514B7B1AEF9EA9EEB0 /* Pods-PokeRadarUITests.release.xcconfig */;
			buildSettings = {
				ALWAYS_EMBED_SWIFT_STANDARD_LIBRARIES = YES;
				DEVELOPMENT_TEAM = G5A2E3RMNX;
				INFOPLIST_FILE = mynotifsUITests/Info.plist;
				LD_RUNPATH_SEARCH_PATHS = "$(inherited) @executable_path/Frameworks @loader_path/Frameworks";
				PRODUCT_BUNDLE_IDENTIFIER = com.weza.mynotifsUITests;
				PRODUCT_NAME = "$(TARGET_NAME)";
				SWIFT_VERSION = 3.0;
				TEST_TARGET_NAME = mynotifs;
			};
			name = Release;
		};
/* End XCBuildConfiguration section */

/* Begin XCConfigurationList section */
		ED80E58C1E58850A000840F9 /* Build configuration list for PBXProject "PokeRadar" */ = {
			isa = XCConfigurationList;
			buildConfigurations = (
				ED80E5B71E58850A000840F9 /* Debug */,
				ED80E5B81E58850A000840F9 /* Release */,
			);
			defaultConfigurationIsVisible = 0;
			defaultConfigurationName = Release;
		};
		ED80E5B91E58850A000840F9 /* Build configuration list for PBXNativeTarget "PokeRadar" */ = {
			isa = XCConfigurationList;
			buildConfigurations = (
				ED80E5BA1E58850A000840F9 /* Debug */,
				ED80E5BB1E58850A000840F9 /* Release */,
			);
			defaultConfigurationIsVisible = 0;
			defaultConfigurationName = Release;
		};
		ED80E5BC1E58850A000840F9 /* Build configuration list for PBXNativeTarget "PokeRadarTests" */ = {
			isa = XCConfigurationList;
			buildConfigurations = (
				ED80E5BD1E58850A000840F9 /* Debug */,
				ED80E5BE1E58850A000840F9 /* Release */,
			);
			defaultConfigurationIsVisible = 0;
			defaultConfigurationName = Release;
		};
		ED80E5BF1E58850A000840F9 /* Build configuration list for PBXNativeTarget "PokeRadarUITests" */ = {
			isa = XCConfigurationList;
			buildConfigurations = (
				ED80E5C01E58850A000840F9 /* Debug */,
				ED80E5C11E58850A000840F9 /* Release */,
			);
			defaultConfigurationIsVisible = 0;
			defaultConfigurationName = Release;
		};
/* End XCConfigurationList section */
	};
	rootObject = ED80E5891E58850A000840F9 /* Project object */;
}
